{
  "name": "network-diagram2",
  "version": "1.0.0",
  "lockfileVersion": 1,
  "requires": true,
  "dependencies": {
    "@fortawesome/fontawesome-free": {
      "version": "5.15.4",
      "resolved": "https://registry.npmjs.org/@fortawesome/fontawesome-free/-/fontawesome-free-5.15.4.tgz",
      "integrity": "sha512-eYm8vijH/hpzr/6/1CJ/V/Eb1xQFW2nnUKArb3z+yUWv7HTwj6M7SP957oMjfZjAHU6qpoNc2wQvIxBLWYa/Jg=="
    },
    "@popperjs/core": {
      "version": "2.9.3",
      "resolved": "https://registry.npmjs.org/@popperjs/core/-/core-2.9.3.tgz",
      "integrity": "sha512-xDu17cEfh7Kid/d95kB6tZsLOmSWKCZKtprnhVepjsSaCij+lM3mItSJDuuHDMbCWTh8Ejmebwb+KONcCJ0eXQ=="
    },
    "cytoscape": {
      "version": "3.19.1",
      "resolved": "https://registry.npmjs.org/cytoscape/-/cytoscape-3.19.1.tgz",
      "integrity": "sha512-fQSymoCzmDF5dejZqv94WXQUnI3cVZfaHWFQR+Q9RhJ6LzEs7dtkwgFYaoklsbXcrXz0uCGx4i3vQ0FiuOUu9Q==",
      "requires": {
        "heap": "^0.2.6",
        "lodash.debounce": "^4.0.8"
      }
    },
    "cytoscape-panzoom": {
      "version": "2.5.3",
      "resolved": "https://registry.npmjs.org/cytoscape-panzoom/-/cytoscape-panzoom-2.5.3.tgz",
      "integrity": "sha512-//qLOqbbFUCGddarNKHDZArItOJHgnkQ1TvxI9nV2/8aOOl/5wuEOHmra3fL/aWSjB4AYpYTG4LX7w96uWfRTQ==",
      "requires": {
        "jquery": "^1.4 || ^2.0 || ^3.0"
      }
    },
    "cytoscape-popper": {
      "version": "2.0.0",
      "resolved": "https://registry.npmjs.org/cytoscape-popper/-/cytoscape-popper-2.0.0.tgz",
      "integrity": "sha512-b7WSOn8qXHWtdIXFNmrgc8qkaOs16tMY0EwtRXlxzvn8X+al6TAFrUwZoYATkYSlotfd/36ZMoeKMEoUck6feA==",
      "requires": {
        "@popperjs/core": "^2.0.0"
      }
    },
    "heap": {
      "version": "0.2.6",
      "resolved": "https://registry.npmjs.org/heap/-/heap-0.2.6.tgz",
      "integrity": "sha1-CH4fELBGky/IWU3Z5tN4r8nR5aw="
    },
    "jquery": {
      "version": "3.6.0",
      "resolved": "https://registry.npmjs.org/jquery/-/jquery-3.6.0.tgz",
      "integrity": "sha512-JVzAR/AjBvVt2BmYhxRCSYysDsPcssdmTFnzyLEts9qNwmjmu4JTAMYubEfwVOSwpQ1I1sKKFcxhZCI2buerfw=="
    },
    "lodash.debounce": {
      "version": "4.0.8",
      "resolved": "https://registry.npmjs.org/lodash.debounce/-/lodash.debounce-4.0.8.tgz",
      "integrity": "sha1-gteb/zCmfEAF/9XiUVMArZyk168="
    }
  }
}
